
Microsoft Visual Studio Solution File, Format Version 12.00
# Visual Studio Version 17
VisualStudioVersion = 17.0.32014.148
MinimumVisualStudioVersion = 10.0.40219.1
Project("{2150E333-8FDC-42A3-9474-1A3956D46DE8}") = "Services", "Services", "{CB182B92-747C-40D4-9C08-DC43ABBC4ED5}"
EndProject
Project("{2150E333-8FDC-42A3-9474-1A3956D46DE8}") = "Common", "Common", "{F2D93D6A-EC8A-4A0A-812A-7B3EBA49CC3A}"
	ProjectSection(SolutionItems) = preProject
		TestGit.txt = TestGit.txt
	EndProjectSection
EndProject
Project("{9A19103F-16F7-4668-BE54-9A1E7A4F7556}") = "Common.Service", "Services\Common\Common.Service\Common.Service.csproj", "{1B94F0AD-556D-428A-9E3D-6E588AE5E6CB}"
EndProject
Project("{2150E333-8FDC-42A3-9474-1A3956D46DE8}") = "CleanArchitecture", "CleanArchitecture", "{C4699E34-627A-47C2-87DC-F7F84E9AA9A2}"
EndProject
Project("{2150E333-8FDC-42A3-9474-1A3956D46DE8}") = "Api", "Api", "{72E5E588-3F35-4BF3-8D02-CA8D59B69B87}"
EndProject
Project("{2150E333-8FDC-42A3-9474-1A3956D46DE8}") = "Core", "Core", "{7B506725-6D14-44A5-9BDF-91A570AC7092}"
EndProject
Project("{2150E333-8FDC-42A3-9474-1A3956D46DE8}") = "Infrastructure", "Infrastructure", "{0FA1A09E-5B85-4261-A7E1-2FAF938E8EB7}"
EndProject
Project("{9A19103F-16F7-4668-BE54-9A1E7A4F7556}") = "CleanArchitecture.Api", "Services\CleanArchitecture\Api\CleanArchitecture.Api\CleanArchitecture.Api.csproj", "{06A1672E-212E-4C6D-AC27-9458272B57B5}"
EndProject
Project("{9A19103F-16F7-4668-BE54-9A1E7A4F7556}") = "CleanArchitecture.Application", "Services\CleanArchitecture\Core\CleanArchitecture.Application\CleanArchitecture.Application.csproj", "{F26231A5-0679-436C-B36D-F687F17D8E7E}"
EndProject
Project("{9A19103F-16F7-4668-BE54-9A1E7A4F7556}") = "CleanArchitecture.Domain", "Services\CleanArchitecture\Core\CleanArchitecture.Domain\CleanArchitecture.Domain.csproj", "{FF875CBE-57FB-4C4A-B5C1-36296FAA8280}"
EndProject
Project("{9A19103F-16F7-4668-BE54-9A1E7A4F7556}") = "CleanArchitecture.Infrastructure", "Services\CleanArchitecture\Infrastructure\CleanArchitecture.Infrastructure\CleanArchitecture.Infrastructure.csproj", "{D147536B-F546-44B0-91FE-3028AB2CABC9}"
EndProject
Project("{9A19103F-16F7-4668-BE54-9A1E7A4F7556}") = "CleanArchitecture.Persistence", "Services\CleanArchitecture\Infrastructure\CleanArchitecture.Persistence\CleanArchitecture.Persistence.csproj", "{99CF2CC7-16FD-4E06-BCE3-641E9A73097E}"
EndProject
Global
	GlobalSection(SolutionConfigurationPlatforms) = preSolution
		Debug|Any CPU = Debug|Any CPU
		Release|Any CPU = Release|Any CPU
	EndGlobalSection
	GlobalSection(ProjectConfigurationPlatforms) = postSolution
		{1B94F0AD-556D-428A-9E3D-6E588AE5E6CB}.Debug|Any CPU.ActiveCfg = Debug|Any CPU
		{1B94F0AD-556D-428A-9E3D-6E588AE5E6CB}.Debug|Any CPU.Build.0 = Debug|Any CPU
		{1B94F0AD-556D-428A-9E3D-6E588AE5E6CB}.Release|Any CPU.ActiveCfg = Release|Any CPU
		{1B94F0AD-556D-428A-9E3D-6E588AE5E6CB}.Release|Any CPU.Build.0 = Release|Any CPU
		{06A1672E-212E-4C6D-AC27-9458272B57B5}.Debug|Any CPU.ActiveCfg = Debug|Any CPU
		{06A1672E-212E-4C6D-AC27-9458272B57B5}.Debug|Any CPU.Build.0 = Debug|Any CPU
		{06A1672E-212E-4C6D-AC27-9458272B57B5}.Release|Any CPU.ActiveCfg = Release|Any CPU
		{06A1672E-212E-4C6D-AC27-9458272B57B5}.Release|Any CPU.Build.0 = Release|Any CPU
		{F26231A5-0679-436C-B36D-F687F17D8E7E}.Debug|Any CPU.ActiveCfg = Debug|Any CPU
		{F26231A5-0679-436C-B36D-F687F17D8E7E}.Debug|Any CPU.Build.0 = Debug|Any CPU
		{F26231A5-0679-436C-B36D-F687F17D8E7E}.Release|Any CPU.ActiveCfg = Release|Any CPU
		{F26231A5-0679-436C-B36D-F687F17D8E7E}.Release|Any CPU.Build.0 = Release|Any CPU
		{FF875CBE-57FB-4C4A-B5C1-36296FAA8280}.Debug|Any CPU.ActiveCfg = Debug|Any CPU
		{FF875CBE-57FB-4C4A-B5C1-36296FAA8280}.Debug|Any CPU.Build.0 = Debug|Any CPU
		{FF875CBE-57FB-4C4A-B5C1-36296FAA8280}.Release|Any CPU.ActiveCfg = Release|Any CPU
		{FF875CBE-57FB-4C4A-B5C1-36296FAA8280}.Release|Any CPU.Build.0 = Release|Any CPU
		{D147536B-F546-44B0-91FE-3028AB2CABC9}.Debug|Any CPU.ActiveCfg = Debug|Any CPU
		{D147536B-F546-44B0-91FE-3028AB2CABC9}.Debug|Any CPU.Build.0 = Debug|Any CPU
		{D147536B-F546-44B0-91FE-3028AB2CABC9}.Release|Any CPU.ActiveCfg = Release|Any CPU
		{D147536B-F546-44B0-91FE-3028AB2CABC9}.Release|Any CPU.Build.0 = Release|Any CPU
		{99CF2CC7-16FD-4E06-BCE3-641E9A73097E}.Debug|Any CPU.ActiveCfg = Debug|Any CPU
		{99CF2CC7-16FD-4E06-BCE3-641E9A73097E}.Debug|Any CPU.Build.0 = Debug|Any CPU
		{99CF2CC7-16FD-4E06-BCE3-641E9A73097E}.Release|Any CPU.ActiveCfg = Release|Any CPU
		{99CF2CC7-16FD-4E06-BCE3-641E9A73097E}.Release|Any CPU.Build.0 = Release|Any CPU
	EndGlobalSection
	GlobalSection(SolutionProperties) = preSolution
		HideSolutionNode = FALSE
	EndGlobalSection
	GlobalSection(NestedProjects) = preSolution
		{F2D93D6A-EC8A-4A0A-812A-7B3EBA49CC3A} = {CB182B92-747C-40D4-9C08-DC43ABBC4ED5}
		{1B94F0AD-556D-428A-9E3D-6E588AE5E6CB} = {F2D93D6A-EC8A-4A0A-812A-7B3EBA49CC3A}
		{C4699E34-627A-47C2-87DC-F7F84E9AA9A2} = {CB182B92-747C-40D4-9C08-DC43ABBC4ED5}
		{72E5E588-3F35-4BF3-8D02-CA8D59B69B87} = {C4699E34-627A-47C2-87DC-F7F84E9AA9A2}
		{7B506725-6D14-44A5-9BDF-91A570AC7092} = {C4699E34-627A-47C2-87DC-F7F84E9AA9A2}
		{0FA1A09E-5B85-4261-A7E1-2FAF938E8EB7} = {C4699E34-627A-47C2-87DC-F7F84E9AA9A2}
		{06A1672E-212E-4C6D-AC27-9458272B57B5} = {72E5E588-3F35-4BF3-8D02-CA8D59B69B87}
		{F26231A5-0679-436C-B36D-F687F17D8E7E} = {7B506725-6D14-44A5-9BDF-91A570AC7092}
		{FF875CBE-57FB-4C4A-B5C1-36296FAA8280} = {7B506725-6D14-44A5-9BDF-91A570AC7092}
		{D147536B-F546-44B0-91FE-3028AB2CABC9} = {0FA1A09E-5B85-4261-A7E1-2FAF938E8EB7}
		{99CF2CC7-16FD-4E06-BCE3-641E9A73097E} = {0FA1A09E-5B85-4261-A7E1-2FAF938E8EB7}
	EndGlobalSection
	GlobalSection(ExtensibilityGlobals) = postSolution
		SolutionGuid = {6788288E-4E2B-4FED-B093-2D990D04FE1D}
	EndGlobalSection
EndGlobal
